// !$*UTF8*$!
{
	archiveVersion = 1;
	classes = {
	};
	objectVersion = 46;
	objects = {

/* Begin PBXBuildFile section */
		17234F891E75DC86008479B4 /* TimeStamp.swift in Sources */ = {isa = PBXBuildFile; fileRef = 17234F881E75DC86008479B4 /* TimeStamp.swift */; };
		17A89A0F1E7486290055042F /* AppDelegate.swift in Sources */ = {isa = PBXBuildFile; fileRef = 17A89A0E1E7486290055042F /* AppDelegate.swift */; };
		17A89A111E7486290055042F /* ViewController.swift in Sources */ = {isa = PBXBuildFile; fileRef = 17A89A101E7486290055042F /* ViewController.swift */; };
		17A89A141E7486290055042F /* Main.storyboard in Resources */ = {isa = PBXBuildFile; fileRef = 17A89A121E7486290055042F /* Main.storyboard */; };
		17A89A161E7486290055042F /* Assets.xcassets in Resources */ = {isa = PBXBuildFile; fileRef = 17A89A151E7486290055042F /* Assets.xcassets */; };
		17A89A191E7486290055042F /* LaunchScreen.storyboard in Resources */ = {isa = PBXBuildFile; fileRef = 17A89A171E7486290055042F /* LaunchScreen.storyboard */; };
		17A89A241E7486290055042F /* LearningRealtimeDBTests.swift in Sources */ = {isa = PBXBuildFile; fileRef = 17A89A231E7486290055042F /* LearningRealtimeDBTests.swift */; };
		17A89A2F1E7486290055042F /* LearningRealtimeDBUITests.swift in Sources */ = {isa = PBXBuildFile; fileRef = 17A89A2E1E7486290055042F /* LearningRealtimeDBUITests.swift */; };
		17A89A3D1E748AF50055042F /* GoogleService-Info.plist in Resources */ = {isa = PBXBuildFile; fileRef = 17A89A3C1E748AF50055042F /* GoogleService-Info.plist */; };
		1F1FDC6DC04AC2E5B219F4CB /* Pods_LearningRealtimeDB.framework in Frameworks */ = {isa = PBXBuildFile; fileRef = D430317C628A3AA6483A3977 /* Pods_LearningRealtimeDB.framework */; };
		3B47F21C965AE8100CC125A3 /* Pods_LearningRealtimeDBUITests.framework in Frameworks */ = {isa = PBXBuildFile; fileRef = 6FB9303F9015FEAF540B57FA /* Pods_LearningRealtimeDBUITests.framework */; };
		6DE9FD67E5D9B171E48825E8 /* Pods_LearningRealtimeDBTests.framework in Frameworks */ = {isa = PBXBuildFile; fileRef = 581B4F908410EE1004DFBDE2 /* Pods_LearningRealtimeDBTests.framework */; };
/* End PBXBuildFile section */

/* Begin PBXContainerItemProxy section */
		17A89A201E7486290055042F /* PBXContainerItemProxy */ = {
			isa = PBXContainerItemProxy;
			containerPortal = 17A89A031E7486290055042F /* Project object */;
			proxyType = 1;
			remoteGlobalIDString = 17A89A0A1E7486290055042F;
			remoteInfo = LearningRealtimeDB;
		};
		17A89A2B1E7486290055042F /* PBXContainerItemProxy */ = {
			isa = PBXContainerItemProxy;
			containerPortal = 17A89A031E7486290055042F /* Project object */;
			proxyType = 1;
			remoteGlobalIDString = 17A89A0A1E7486290055042F;
			remoteInfo = LearningRealtimeDB;
		};
/* End PBXContainerItemProxy section */

/* Begin PBXFileReference section */
		044C119D5388235C6E81513B /* Pods-LearningRealtimeDBTests.release.xcconfig */ = {isa = PBXFileReference; includeInIndex = 1; lastKnownFileType = text.xcconfig; name = "Pods-LearningRealtimeDBTests.release.xcconfig"; path = "Pods/Target Support Files/Pods-LearningRealtimeDBTests/Pods-LearningRealtimeDBTests.release.xcconfig"; sourceTree = "<group>"; };
		14E9D0B62AB2CF9C4D14D728 /* Pods-LearningRealtimeDB.release.xcconfig */ = {isa = PBXFileReference; includeInIndex = 1; lastKnownFileType = text.xcconfig; name = "Pods-LearningRealtimeDB.release.xcconfig"; path = "Pods/Target Support Files/Pods-LearningRealtimeDB/Pods-LearningRealtimeDB.release.xcconfig"; sourceTree = "<group>"; };
		17234F881E75DC86008479B4 /* TimeStamp.swift */ = {isa = PBXFileReference; fileEncoding = 4; lastKnownFileType = sourcecode.swift; path = TimeStamp.swift; sourceTree = "<group>"; };
		17A89A0B1E7486290055042F /* LearningRealtimeDB.app */ = {isa = PBXFileReference; explicitFileType = wrapper.application; includeInIndex = 0; path = LearningRealtimeDB.app; sourceTree = BUILT_PRODUCTS_DIR; };
		17A89A0E1E7486290055042F /* AppDelegate.swift */ = {isa = PBXFileReference; lastKnownFileType = sourcecode.swift; path = AppDelegate.swift; sourceTree = "<group>"; };
		17A89A101E7486290055042F /* ViewController.swift */ = {isa = PBXFileReference; lastKnownFileType = sourcecode.swift; path = ViewController.swift; sourceTree = "<group>"; };
		17A89A131E7486290055042F /* Base */ = {isa = PBXFileReference; lastKnownFileType = file.storyboard; name = Base; path = Base.lproj/Main.storyboard; sourceTree = "<group>"; };
		17A89A151E7486290055042F /* Assets.xcassets */ = {isa = PBXFileReference; lastKnownFileType = folder.assetcatalog; path = Assets.xcassets; sourceTree = "<group>"; };
		17A89A181E7486290055042F /* Base */ = {isa = PBXFileReference; lastKnownFileType = file.storyboard; name = Base; path = Base.lproj/LaunchScreen.storyboard; sourceTree = "<group>"; };
		17A89A1A1E7486290055042F /* Info.plist */ = {isa = PBXFileReference; lastKnownFileType = text.plist.xml; path = Info.plist; sourceTree = "<group>"; };
		17A89A1F1E7486290055042F /* LearningRealtimeDBTests.xctest */ = {isa = PBXFileReference; explicitFileType = wrapper.cfbundle; includeInIndex = 0; path = LearningRealtimeDBTests.xctest; sourceTree = BUILT_PRODUCTS_DIR; };
		17A89A231E7486290055042F /* LearningRealtimeDBTests.swift */ = {isa = PBXFileReference; lastKnownFileType = sourcecode.swift; path = LearningRealtimeDBTests.swift; sourceTree = "<group>"; };
		17A89A251E7486290055042F /* Info.plist */ = {isa = PBXFileReference; lastKnownFileType = text.plist.xml; path = Info.plist; sourceTree = "<group>"; };
		17A89A2A1E7486290055042F /* LearningRealtimeDBUITests.xctest */ = {isa = PBXFileReference; explicitFileType = wrapper.cfbundle; includeInIndex = 0; path = LearningRealtimeDBUITests.xctest; sourceTree = BUILT_PRODUCTS_DIR; };
		17A89A2E1E7486290055042F /* LearningRealtimeDBUITests.swift */ = {isa = PBXFileReference; lastKnownFileType = sourcecode.swift; path = LearningRealtimeDBUITests.swift; sourceTree = "<group>"; };
		17A89A301E7486290055042F /* Info.plist */ = {isa = PBXFileReference; lastKnownFileType = text.plist.xml; path = Info.plist; sourceTree = "<group>"; };
		17A89A3C1E748AF50055042F /* GoogleService-Info.plist */ = {isa = PBXFileReference; fileEncoding = 4; lastKnownFileType = text.plist.xml; path = "GoogleService-Info.plist"; sourceTree = "<group>"; };
		5236A5592EDD302950EA7354 /* Pods-LearningRealtimeDB.debug.xcconfig */ = {isa = PBXFileReference; includeInIndex = 1; lastKnownFileType = text.xcconfig; name = "Pods-LearningRealtimeDB.debug.xcconfig"; path = "Pods/Target Support Files/Pods-LearningRealtimeDB/Pods-LearningRealtimeDB.debug.xcconfig"; sourceTree = "<group>"; };
		5499487EF656E791D0246D58 /* Pods-LearningRealtimeDBUITests.release.xcconfig */ = {isa = PBXFileReference; includeInIndex = 1; lastKnownFileType = text.xcconfig; name = "Pods-LearningRealtimeDBUITests.release.xcconfig"; path = "Pods/Target Support Files/Pods-LearningRealtimeDBUITests/Pods-LearningRealtimeDBUITests.release.xcconfig"; sourceTree = "<group>"; };
		581B4F908410EE1004DFBDE2 /* Pods_LearningRealtimeDBTests.framework */ = {isa = PBXFileReference; explicitFileType = wrapper.framework; includeInIndex = 0; path = Pods_LearningRealtimeDBTests.framework; sourceTree = BUILT_PRODUCTS_DIR; };
		6FB9303F9015FEAF540B57FA /* Pods_LearningRealtimeDBUITests.framework */ = {isa = PBXFileReference; explicitFileType = wrapper.framework; includeInIndex = 0; path = Pods_LearningRealtimeDBUITests.framework; sourceTree = BUILT_PRODUCTS_DIR; };
		9BC3042E648A458FEBAF4B34 /* Pods-LearningRealtimeDBTests.debug.xcconfig */ = {isa = PBXFileReference; includeInIndex = 1; lastKnownFileType = text.xcconfig; name = "Pods-LearningRealtimeDBTests.debug.xcconfig"; path = "Pods/Target Support Files/Pods-LearningRealtimeDBTests/Pods-LearningRealtimeDBTests.debug.xcconfig"; sourceTree = "<group>"; };
		D430317C628A3AA6483A3977 /* Pods_LearningRealtimeDB.framework */ = {isa = PBXFileReference; explicitFileType = wrapper.framework; includeInIndex = 0; path = Pods_LearningRealtimeDB.framework; sourceTree = BUILT_PRODUCTS_DIR; };
		D99501AB7D8450CEC07759EB /* Pods-LearningRealtimeDBUITests.debug.xcconfig */ = {isa = PBXFileReference; includeInIndex = 1; lastKnownFileType = text.xcconfig; name = "Pods-LearningRealtimeDBUITests.debug.xcconfig"; path = "Pods/Target Support Files/Pods-LearningRealtimeDBUITests/Pods-LearningRealtimeDBUITests.debug.xcconfig"; sourceTree = "<group>"; };
/* End PBXFileReference section */

/* Begin PBXFrameworksBuildPhase section */
		17A89A081E7486290055042F /* Frameworks */ = {
			isa = PBXFrameworksBuildPhase;
			buildActionMask = 2147483647;
			files = (
				1F1FDC6DC04AC2E5B219F4CB /* Pods_LearningRealtimeDB.framework in Frameworks */,
			);
			runOnlyForDeploymentPostprocessing = 0;
		};
		17A89A1C1E7486290055042F /* Frameworks */ = {
			isa = PBXFrameworksBuildPhase;
			buildActionMask = 2147483647;
			files = (
				6DE9FD67E5D9B171E48825E8 /* Pods_LearningRealtimeDBTests.framework in Frameworks */,
			);
			runOnlyForDeploymentPostprocessing = 0;
		};
		17A89A271E7486290055042F /* Frameworks */ = {
			isa = PBXFrameworksBuildPhase;
			buildActionMask = 2147483647;
			files = (
				3B47F21C965AE8100CC125A3 /* Pods_LearningRealtimeDBUITests.framework in Frameworks */,
			);
			runOnlyForDeploymentPostprocessing = 0;
		};
/* End PBXFrameworksBuildPhase section */

/* Begin PBXGroup section */
		17A89A021E7486290055042F = {
			isa = PBXGroup;
			children = (
				17A89A0D1E7486290055042F /* LearningRealtimeDB */,
				17A89A221E7486290055042F /* LearningRealtimeDBTests */,
				17A89A2D1E7486290055042F /* LearningRealtimeDBUITests */,
				17A89A0C1E7486290055042F /* Products */,
				3ECFABC8B2F1E6BD2C92EBA4 /* Pods */,
				5C1A8D64982C11CC4B2C8792 /* Frameworks */,
			);
			sourceTree = "<group>";
		};
		17A89A0C1E7486290055042F /* Products */ = {
			isa = PBXGroup;
			children = (
				17A89A0B1E7486290055042F /* LearningRealtimeDB.app */,
				17A89A1F1E7486290055042F /* LearningRealtimeDBTests.xctest */,
				17A89A2A1E7486290055042F /* LearningRealtimeDBUITests.xctest */,
			);
			name = Products;
			sourceTree = "<group>";
		};
		17A89A0D1E7486290055042F /* LearningRealtimeDB */ = {
			isa = PBXGroup;
			children = (
				17A89A0E1E7486290055042F /* AppDelegate.swift */,
				17A89A101E7486290055042F /* ViewController.swift */,
				17A89A121E7486290055042F /* Main.storyboard */,
				17234F881E75DC86008479B4 /* TimeStamp.swift */,
				17A89A151E7486290055042F /* Assets.xcassets */,
				17A89A171E7486290055042F /* LaunchScreen.storyboard */,
				17A89A1A1E7486290055042F /* Info.plist */,
				17A89A3C1E748AF50055042F /* GoogleService-Info.plist */,
			);
			path = LearningRealtimeDB;
			sourceTree = "<group>";
		};
		17A89A221E7486290055042F /* LearningRealtimeDBTests */ = {
			isa = PBXGroup;
			children = (
				17A89A231E7486290055042F /* LearningRealtimeDBTests.swift */,
				17A89A251E7486290055042F /* Info.plist */,
			);
			path = LearningRealtimeDBTests;
			sourceTree = "<group>";
		};
		17A89A2D1E7486290055042F /* LearningRealtimeDBUITests */ = {
			isa = PBXGroup;
			children = (
				17A89A2E1E7486290055042F /* LearningRealtimeDBUITests.swift */,
				17A89A301E7486290055042F /* Info.plist */,
			);
			path = LearningRealtimeDBUITests;
			sourceTree = "<group>";
		};
		3ECFABC8B2F1E6BD2C92EBA4 /* Pods */ = {
			isa = PBXGroup;
			children = (
				5236A5592EDD302950EA7354 /* Pods-LearningRealtimeDB.debug.xcconfig */,
				14E9D0B62AB2CF9C4D14D728 /* Pods-LearningRealtimeDB.release.xcconfig */,
				9BC3042E648A458FEBAF4B34 /* Pods-LearningRealtimeDBTests.debug.xcconfig */,
				044C119D5388235C6E81513B /* Pods-LearningRealtimeDBTests.release.xcconfig */,
				D99501AB7D8450CEC07759EB /* Pods-LearningRealtimeDBUITests.debug.xcconfig */,
				5499487EF656E791D0246D58 /* Pods-LearningRealtimeDBUITests.release.xcconfig */,
			);
			name = Pods;
			sourceTree = "<group>";
		};
		5C1A8D64982C11CC4B2C8792 /* Frameworks */ = {
			isa = PBXGroup;
			children = (
				D430317C628A3AA6483A3977 /* Pods_LearningRealtimeDB.framework */,
				581B4F908410EE1004DFBDE2 /* Pods_LearningRealtimeDBTests.framework */,
				6FB9303F9015FEAF540B57FA /* Pods_LearningRealtimeDBUITests.framework */,
			);
			name = Frameworks;
			sourceTree = "<group>";
		};
/* End PBXGroup section */

/* Begin PBXNativeTarget section */
		17A89A0A1E7486290055042F /* LearningRealtimeDB */ = {
			isa = PBXNativeTarget;
			buildConfigurationList = 17A89A331E7486290055042F /* Build configuration list for PBXNativeTarget "LearningRealtimeDB" */;
			buildPhases = (
				6F4024AACB231E0911D26838 /* [CP] Check Pods Manifest.lock */,
				17A89A071E7486290055042F /* Sources */,
				17A89A081E7486290055042F /* Frameworks */,
				17A89A091E7486290055042F /* Resources */,
				AD5CA8EF69DEA3A9E1D2AC85 /* [CP] Embed Pods Frameworks */,
				F963521642921D00FA88949D /* [CP] Copy Pods Resources */,
			);
			buildRules = (
			);
			dependencies = (
			);
			name = LearningRealtimeDB;
			productName = LearningRealtimeDB;
			productReference = 17A89A0B1E7486290055042F /* LearningRealtimeDB.app */;
			productType = "com.apple.product-type.application";
		};
		17A89A1E1E7486290055042F /* LearningRealtimeDBTests */ = {
			isa = PBXNativeTarget;
			buildConfigurationList = 17A89A361E7486290055042F /* Build configuration list for PBXNativeTarget "LearningRealtimeDBTests" */;
			buildPhases = (
				CB7F1CD6235A5C75DF1075A4 /* [CP] Check Pods Manifest.lock */,
				17A89A1B1E7486290055042F /* Sources */,
				17A89A1C1E7486290055042F /* Frameworks */,
				17A89A1D1E7486290055042F /* Resources */,
				569D3C4B48C7FD88597045B6 /* [CP] Embed Pods Frameworks */,
				4003D29A12E772885E6EFEB4 /* [CP] Copy Pods Resources */,
			);
			buildRules = (
			);
			dependencies = (
				17A89A211E7486290055042F /* PBXTargetDependency */,
			);
			name = LearningRealtimeDBTests;
			productName = LearningRealtimeDBTests;
			productReference = 17A89A1F1E7486290055042F /* LearningRealtimeDBTests.xctest */;
			productType = "com.apple.product-type.bundle.unit-test";
		};
		17A89A291E7486290055042F /* LearningRealtimeDBUITests */ = {
			isa = PBXNativeTarget;
			buildConfigurationList = 17A89A391E7486290055042F /* Build configuration list for PBXNativeTarget "LearningRealtimeDBUITests" */;
			buildPhases = (
				888DC3B77C723F144741712B /* [CP] Check Pods Manifest.lock */,
				17A89A261E7486290055042F /* Sources */,
				17A89A271E7486290055042F /* Frameworks */,
				17A89A281E7486290055042F /* Resources */,
				03195D52585BC4BB71D16634 /* [CP] Embed Pods Frameworks */,
				C9C2485253CF258122B1C171 /* [CP] Copy Pods Resources */,
			);
			buildRules = (
			);
			dependencies = (
				17A89A2C1E7486290055042F /* PBXTargetDependency */,
			);
			name = LearningRealtimeDBUITests;
			productName = LearningRealtimeDBUITests;
			productReference = 17A89A2A1E7486290055042F /* LearningRealtimeDBUITests.xctest */;
			productType = "com.apple.product-type.bundle.ui-testing";
		};
/* End PBXNativeTarget section */

/* Begin PBXProject section */
		17A89A031E7486290055042F /* Project object */ = {
			isa = PBXProject;
			attributes = {
				LastSwiftUpdateCheck = 0820;
				LastUpgradeCheck = 0820;
				ORGANIZATIONNAME = "Henry Dinhofer";
				TargetAttributes = {
					17A89A0A1E7486290055042F = {
						CreatedOnToolsVersion = 8.2;
						DevelopmentTeam = 9DUF68P9SK;
						ProvisioningStyle = Automatic;
					};
					17A89A1E1E7486290055042F = {
						CreatedOnToolsVersion = 8.2;
						DevelopmentTeam = 9DUF68P9SK;
						ProvisioningStyle = Automatic;
						TestTargetID = 17A89A0A1E7486290055042F;
					};
					17A89A291E7486290055042F = {
						CreatedOnToolsVersion = 8.2;
						DevelopmentTeam = 9DUF68P9SK;
						ProvisioningStyle = Automatic;
						TestTargetID = 17A89A0A1E7486290055042F;
					};
				};
			};
			buildConfigurationList = 17A89A061E7486290055042F /* Build configuration list for PBXProject "LearningRealtimeDB" */;
			compatibilityVersion = "Xcode 3.2";
			developmentRegion = English;
			hasScannedForEncodings = 0;
			knownRegions = (
				en,
				Base,
			);
			mainGroup = 17A89A021E7486290055042F;
			productRefGroup = 17A89A0C1E7486290055042F /* Products */;
			projectDirPath = "";
			projectRoot = "";
			targets = (
				17A89A0A1E7486290055042F /* LearningRealtimeDB */,
				17A89A1E1E7486290055042F /* LearningRealtimeDBTests */,
				17A89A291E7486290055042F /* LearningRealtimeDBUITests */,
			);
		};
/* End PBXProject section */

/* Begin PBXResourcesBuildPhase section */
		17A89A091E7486290055042F /* Resources */ = {
			isa = PBXResourcesBuildPhase;
			buildActionMask = 2147483647;
			files = (
				17A89A191E7486290055042F /* LaunchScreen.storyboard in Resources */,
				17A89A3D1E748AF50055042F /* GoogleService-Info.plist in Resources */,
				17A89A161E7486290055042F /* Assets.xcassets in Resources */,
				17A89A141E7486290055042F /* Main.storyboard in Resources */,
			);
			runOnlyForDeploymentPostprocessing = 0;
		};
		17A89A1D1E7486290055042F /* Resources */ = {
			isa = PBXResourcesBuildPhase;
			buildActionMask = 2147483647;
			files = (
			);
			runOnlyForDeploymentPostprocessing = 0;
		};
		17A89A281E7486290055042F /* Resources */ = {
			isa = PBXResourcesBuildPhase;
			buildActionMask = 2147483647;
			files = (
			);
			runOnlyForDeploymentPostprocessing = 0;
		};
/* End PBXResourcesBuildPhase section */

/* Begin PBXShellScriptBuildPhase section */
		03195D52585BC4BB71D16634 /* [CP] Embed Pods Frameworks */ = {
			isa = PBXShellScriptBuildPhase;
			buildActionMask = 2147483647;
			files = (
			);
			inputPaths = (
			);
			name = "[CP] Embed Pods Frameworks";
			outputPaths = (
			);
			runOnlyForDeploymentPostprocessing = 0;
			shellPath = /bin/sh;
			shellScript = "\"${SRCROOT}/Pods/Target Support Files/Pods-LearningRealtimeDBUITests/Pods-LearningRealtimeDBUITests-frameworks.sh\"\n";
			showEnvVarsInLog = 0;
		};
		4003D29A12E772885E6EFEB4 /* [CP] Copy Pods Resources */ = {
			isa = PBXShellScriptBuildPhase;
			buildActionMask = 2147483647;
			files = (
			);
			inputPaths = (
			);
			name = "[CP] Copy Pods Resources";
			outputPaths = (
			);
			runOnlyForDeploymentPostprocessing = 0;
			shellPath = /bin/sh;
			shellScript = "\"${SRCROOT}/Pods/Target Support Files/Pods-LearningRealtimeDBTests/Pods-LearningRealtimeDBTests-resources.sh\"\n";
			showEnvVarsInLog = 0;
		};
		569D3C4B48C7FD88597045B6 /* [CP] Embed Pods Frameworks */ = {
			isa = PBXShellScriptBuildPhase;
			buildActionMask = 2147483647;
			files = (
			);
			inputPaths = (
			);
			name = "[CP] Embed Pods Frameworks";
			outputPaths = (
			);
			runOnlyForDeploymentPostprocessing = 0;
			shellPath = /bin/sh;
			shellScript = "\"${SRCROOT}/Pods/Target Support Files/Pods-LearningRealtimeDBTests/Pods-LearningRealtimeDBTests-frameworks.sh\"\n";
			showEnvVarsInLog = 0;
		};
		6F4024AACB231E0911D26838 /* [CP] Check Pods Manifest.lock */ = {
			isa = PBXShellScriptBuildPhase;
			buildActionMask = 2147483647;
			files = (
			);
			inputPaths = (
			);
			name = "[CP] Check Pods Manifest.lock";
			outputPaths = (
			);
			runOnlyForDeploymentPostprocessing = 0;
			shellPath = /bin/sh;
			shellScript = "diff \"${PODS_ROOT}/../Podfile.lock\" \"${PODS_ROOT}/Manifest.lock\" > /dev/null\nif [ $? != 0 ] ; then\n    # print error to STDERR\n    echo \"error: The sandbox is not in sync with the Podfile.lock. Run 'pod install' or update your CocoaPods installation.\" >&2\n    exit 1\nfi\n";
			showEnvVarsInLog = 0;
		};
		888DC3B77C723F144741712B /* [CP] Check Pods Manifest.lock */ = {
			isa = PBXShellScriptBuildPhase;
			buildActionMask = 2147483647;
			files = (
			);
			inputPaths = (
			);
			name = "[CP] Check Pods Manifest.lock";
			outputPaths = (
			);
			runOnlyForDeploymentPostprocessing = 0;
			shellPath = /bin/sh;
			shellScript = "diff \"${PODS_ROOT}/../Podfile.lock\" \"${PODS_ROOT}/Manifest.lock\" > /dev/null\nif [ $? != 0 ] ; then\n    # print error to STDERR\n    echo \"error: The sandbox is not in sync with the Podfile.lock. Run 'pod install' or update your CocoaPods installation.\" >&2\n    exit 1\nfi\n";
			showEnvVarsInLog = 0;
		};
		AD5CA8EF69DEA3A9E1D2AC85 /* [CP] Embed Pods Frameworks */ = {
			isa = PBXShellScriptBuildPhase;
			buildActionMask = 2147483647;
			files = (
			);
			inputPaths = (
			);
			name = "[CP] Embed Pods Frameworks";
			outputPaths = (
			);
			runOnlyForDeploymentPostprocessing = 0;
			shellPath = /bin/sh;
			shellScript = "\"${SRCROOT}/Pods/Target Support Files/Pods-LearningRealtimeDB/Pods-LearningRealtimeDB-frameworks.sh\"\n";
			showEnvVarsInLog = 0;
		};
		C9C2485253CF258122B1C171 /* [CP] Copy Pods Resources */ = {
			isa = PBXShellScriptBuildPhase;
			buildActionMask = 2147483647;
			files = (
			);
			inputPaths = (
			);
			name = "[CP] Copy Pods Resources";
			outputPaths = (
			);
			runOnlyForDeploymentPostprocessing = 0;
			shellPath = /bin/sh;
			shellScript = "\"${SRCROOT}/Pods/Target Support Files/Pods-LearningRealtimeDBUITests/Pods-LearningRealtimeDBUITests-resources.sh\"\n";
			showEnvVarsInLog = 0;
		};
		CB7F1CD6235A5C75DF1075A4 /* [CP] Check Pods Manifest.lock */ = {
			isa = PBXShellScriptBuildPhase;
			buildActionMask = 2147483647;
			files = (
			);
			inputPaths = (
			);
			name = "[CP] Check Pods Manifest.lock";
			outputPaths = (
			);
			runOnlyForDeploymentPostprocessing = 0;
			shellPath = /bin/sh;
			shellScript = "diff \"${PODS_ROOT}/../Podfile.lock\" \"${PODS_ROOT}/Manifest.lock\" > /dev/null\nif [ $? != 0 ] ; then\n    # print error to STDERR\n    echo \"error: The sandbox is not in sync with the Podfile.lock. Run 'pod install' or update your CocoaPods installation.\" >&2\n    exit 1\nfi\n";
			showEnvVarsInLog = 0;
		};
		F963521642921D00FA88949D /* [CP] Copy Pods Resources */ = {
			isa = PBXShellScriptBuildPhase;
			buildActionMask = 2147483647;
			files = (
			);
			inputPaths = (
			);
			name = "[CP] Copy Pods Resources";
			outputPaths = (
			);
			runOnlyForDeploymentPostprocessing = 0;
			shellPath = /bin/sh;
			shellScript = "\"${SRCROOT}/Pods/Target Support Files/Pods-LearningRealtimeDB/Pods-LearningRealtimeDB-resources.sh\"\n";
			showEnvVarsInLog = 0;
		};
/* End PBXShellScriptBuildPhase section */

/* Begin PBXSourcesBuildPhase section */
		17A89A071E7486290055042F /* Sources */ = {
			isa = PBXSourcesBuildPhase;
			buildActionMask = 2147483647;
			files = (
				17A89A111E7486290055042F /* ViewController.swift in Sources */,
				17A89A0F1E7486290055042F /* AppDelegate.swift in Sources */,
				17234F891E75DC86008479B4 /* TimeStamp.swift in Sources */,
			);
			runOnlyForDeploymentPostprocessing = 0;
		};
		17A89A1B1E7486290055042F /* Sources */ = {
			isa = PBXSourcesBuildPhase;
			buildActionMask = 2147483647;
			files = (
				17A89A241E7486290055042F /* LearningRealtimeDBTests.swift in Sources */,
			);
			runOnlyForDeploymentPostprocessing = 0;
		};
		17A89A261E7486290055042F /* Sources */ = {
			isa = PBXSourcesBuildPhase;
			buildActionMask = 2147483647;
			files = (
				17A89A2F1E7486290055042F /* LearningRealtimeDBUITests.swift in Sources */,
			);
			runOnlyForDeploymentPostprocessing = 0;
		};
/* End PBXSourcesBuildPhase section */

/* Begin PBXTargetDependency section */
		17A89A211E7486290055042F /* PBXTargetDependency */ = {
			isa = PBXTargetDependency;
			target = 17A89A0A1E7486290055042F /* LearningRealtimeDB */;
			targetProxy = 17A89A201E7486290055042F /* PBXContainerItemProxy */;
		};
		17A89A2C1E7486290055042F /* PBXTargetDependency */ = {
			isa = PBXTargetDependency;
			target = 17A89A0A1E7486290055042F /* LearningRealtimeDB */;
			targetProxy = 17A89A2B1E7486290055042F /* PBXContainerItemProxy */;
		};
/* End PBXTargetDependency section */

/* Begin PBXVariantGroup section */
		17A89A121E7486290055042F /* Main.storyboard */ = {
			isa = PBXVariantGroup;
			children = (
				17A89A131E7486290055042F /* Base */,
			);
			name = Main.storyboard;
			sourceTree = "<group>";
		};
		17A89A171E7486290055042F /* LaunchScreen.storyboard */ = {
			isa = PBXVariantGroup;
			children = (
				17A89A181E7486290055042F /* Base */,
			);
			name = LaunchScreen.storyboard;
			sourceTree = "<group>";
		};
/* End PBXVariantGroup section */

/* Begin XCBuildConfiguration section */
		17A89A311E7486290055042F /* Debug */ = {
			isa = XCBuildConfiguration;
			buildSettings = {
				ALWAYS_SEARCH_USER_PATHS = NO;
				CLANG_ANALYZER_NONNULL = YES;
				CLANG_CXX_LANGUAGE_STANDARD = "gnu++0x";
				CLANG_CXX_LIBRARY = "libc++";
				CLANG_ENABLE_MODULES = YES;
				CLANG_ENABLE_OBJC_ARC = YES;
				CLANG_WARN_BOOL_CONVERSION = YES;
				CLANG_WARN_CONSTANT_CONVERSION = YES;
				CLANG_WARN_DIRECT_OBJC_ISA_USAGE = YES_ERROR;
				CLANG_WARN_DOCUMENTATION_COMMENTS = YES;
				CLANG_WARN_EMPTY_BODY = YES;
				CLANG_WARN_ENUM_CONVERSION = YES;
				CLANG_WARN_INFINITE_RECURSION = YES;
				CLANG_WARN_INT_CONVERSION = YES;
				CLANG_WARN_OBJC_ROOT_CLASS = YES_ERROR;
				CLANG_WARN_SUSPICIOUS_MOVE = YES;
				CLANG_WARN_UNREACHABLE_CODE = YES;
				CLANG_WARN__DUPLICATE_METHOD_MATCH = YES;
				"CODE_SIGN_IDENTITY[sdk=iphoneos*]" = "iPhone Developer";
				COPY_PHASE_STRIP = NO;
				DEBUG_INFORMATION_FORMAT = dwarf;
				ENABLE_STRICT_OBJC_MSGSEND = YES;
				ENABLE_TESTABILITY = YES;
				GCC_C_LANGUAGE_STANDARD = gnu99;
				GCC_DYNAMIC_NO_PIC = NO;
				GCC_NO_COMMON_BLOCKS = YES;
				GCC_OPTIMIZATION_LEVEL = 0;
				GCC_PREPROCESSOR_DEFINITIONS = (
					"DEBUG=1",
					"$(inherited)",
				);
				GCC_WARN_64_TO_32_BIT_CONVERSION = YES;
				GCC_WARN_ABOUT_RETURN_TYPE = YES_ERROR;
				GCC_WARN_UNDECLARED_SELECTOR = YES;
				GCC_WARN_UNINITIALIZED_AUTOS = YES_AGGRESSIVE;
				GCC_WARN_UNUSED_FUNCTION = YES;
				GCC_WARN_UNUSED_VARIABLE = YES;
				IPHONEOS_DEPLOYMENT_TARGET = 10.2;
				MTL_ENABLE_DEBUG_INFO = YES;
				ONLY_ACTIVE_ARCH = YES;
				SDKROOT = iphoneos;
				SWIFT_ACTIVE_COMPILATION_CONDITIONS = DEBUG;
				SWIFT_OPTIMIZATION_LEVEL = "-Onone";
				TARGETED_DEVICE_FAMILY = "1,2";
			};
			name = Debug;
		};
		17A89A321E7486290055042F /* Release */ = {
			isa = XCBuildConfiguration;
			buildSettings = {
				ALWAYS_SEARCH_USER_PATHS = NO;
				CLANG_ANALYZER_NONNULL = YES;
				CLANG_CXX_LANGUAGE_STANDARD = "gnu++0x";
				CLANG_CXX_LIBRARY = "libc++";
				CLANG_ENABLE_MODULES = YES;
				CLANG_ENABLE_OBJC_ARC = YES;
				CLANG_WARN_BOOL_CONVERSION = YES;
				CLANG_WARN_CONSTANT_CONVERSION = YES;
				CLANG_WARN_DIRECT_OBJC_ISA_USAGE = YES_ERROR;
				CLANG_WARN_DOCUMENTATION_COMMENTS = YES;
				CLANG_WARN_EMPTY_BODY = YES;
				CLANG_WARN_ENUM_CONVERSION = YES;
				CLANG_WARN_INFINITE_RECURSION = YES;
				CLANG_WARN_INT_CONVERSION = YES;
				CLANG_WARN_OBJC_ROOT_CLASS = YES_ERROR;
				CLANG_WARN_SUSPICIOUS_MOVE = YES;
				CLANG_WARN_UNREACHABLE_CODE = YES;
				CLANG_WARN__DUPLICATE_METHOD_MATCH = YES;
				"CODE_SIGN_IDENTITY[sdk=iphoneos*]" = "iPhone Developer";
				COPY_PHASE_STRIP = NO;
				DEBUG_INFORMATION_FORMAT = "dwarf-with-dsym";
				ENABLE_NS_ASSERTIONS = NO;
				ENABLE_STRICT_OBJC_MSGSEND = YES;
				GCC_C_LANGUAGE_STANDARD = gnu99;
				GCC_NO_COMMON_BLOCKS = YES;
				GCC_WARN_64_TO_32_BIT_CONVERSION = YES;
				GCC_WARN_ABOUT_RETURN_TYPE = YES_ERROR;
				GCC_WARN_UNDECLARED_SELECTOR = YES;
				GCC_WARN_UNINITIALIZED_AUTOS = YES_AGGRESSIVE;
				GCC_WARN_UNUSED_FUNCTION = YES;
				GCC_WARN_UNUSED_VARIABLE = YES;
				IPHONEOS_DEPLOYMENT_TARGET = 10.2;
				MTL_ENABLE_DEBUG_INFO = NO;
				SDKROOT = iphoneos;
				SWIFT_OPTIMIZATION_LEVEL = "-Owholemodule";
				TARGETED_DEVICE_FAMILY = "1,2";
				VALIDATE_PRODUCT = YES;
			};
			name = Release;
		};
		17A89A341E7486290055042F /* Debug */ = {
			isa = XCBuildConfiguration;
			baseConfigurationReference = 5236A5592EDD302950EA7354 /* Pods-LearningRealtimeDB.debug.xcconfig */;
			buildSettings = {
				ASSETCATALOG_COMPILER_APPICON_NAME = AppIcon;
				DEVELOPMENT_TEAM = 9DUF68P9SK;
				INFOPLIST_FILE = LearningRealtimeDB/Info.plist;
				LD_RUNPATH_SEARCH_PATHS = "$(inherited) @executable_path/Frameworks";
				PRODUCT_BUNDLE_IDENTIFIER = com.henry.LearningRealtimeDB;
				PRODUCT_NAME = "$(TARGET_NAME)";
				SWIFT_VERSION = 3.0;
			};
			name = Debug;
		};
		17A89A351E7486290055042F /* Release */ = {
			isa = XCBuildConfiguration;
			baseConfigurationReference = 14E9D0B62AB2CF9C4D14D728 /* Pods-LearningRealtimeDB.release.xcconfig */;
			buildSettings = {
				ASSETCATALOG_COMPILER_APPICON_NAME = AppIcon;
				DEVELOPMENT_TEAM = 9DUF68P9SK;
				INFOPLIST_FILE = LearningRealtimeDB/Info.plist;
				LD_RUNPATH_SEARCH_PATHS = "$(inherited) @executable_path/Frameworks";
				PRODUCT_BUNDLE_IDENTIFIER = com.henry.LearningRealtimeDB;
				PRODUCT_NAME = "$(TARGET_NAME)";
				SWIFT_VERSION = 3.0;
			};
			name = Release;
		};
		17A89A371E7486290055042F /* Debug */ = {
			isa = XCBuildConfiguration;
			baseConfigurationReference = 9BC3042E648A458FEBAF4B34 /* Pods-LearningRealtimeDBTests.debug.xcconfig */;
			buildSettings = {
				ALWAYS_EMBED_SWIFT_STANDARD_LIBRARIES = YES;
				BUNDLE_LOADER = "$(TEST_HOST)";
				DEVELOPMENT_TEAM = 9DUF68P9SK;
				INFOPLIST_FILE = LearningRealtimeDBTests/Info.plist;
				LD_RUNPATH_SEARCH_PATHS = "$(inherited) @executable_path/Frameworks @loader_path/Frameworks";
				PRODUCT_BUNDLE_IDENTIFIER = com.henry.LearningRealtimeDBTests;
				PRODUCT_NAME = "$(TARGET_NAME)";
				SWIFT_VERSION = 3.0;
				TEST_HOST = "$(BUILT_PRODUCTS_DIR)/LearningRealtimeDB.app/LearningRealtimeDB";
			};
			name = Debug;
		};
		17A89A381E7486290055042F /* Release */ = {
			isa = XCBuildConfiguration;
			baseConfigurationReference = 044C119D5388235C6E81513B /* Pods-LearningRealtimeDBTests.release.xcconfig */;
			buildSettings = {
				ALWAYS_EMBED_SWIFT_STANDARD_LIBRARIES = YES;
				BUNDLE_LOADER = "$(TEST_HOST)";
				DEVELOPMENT_TEAM = 9DUF68P9SK;
				INFOPLIST_FILE = LearningRealtimeDBTests/Info.plist;
				LD_RUNPATH_SEARCH_PATHS = "$(inherited) @executable_path/Frameworks @loader_path/Frameworks";
				PRODUCT_BUNDLE_IDENTIFIER = com.henry.LearningRealtimeDBTests;
				PRODUCT_NAME = "$(TARGET_NAME)";
				SWIFT_VERSION = 3.0;
				TEST_HOST = "$(BUILT_PRODUCTS_DIR)/LearningRealtimeDB.app/LearningRealtimeDB";
			};
			name = Release;
		};
		17A89A3A1E7486290055042F /* Debug */ = {
			isa = XCBuildConfiguration;
			baseConfigurationReference = D99501AB7D8450CEC07759EB /* Pods-LearningRealtimeDBUITests.debug.xcconfig */;
			buildSettings = {
				ALWAYS_EMBED_SWIFT_STANDARD_LIBRARIES = YES;
				DEVELOPMENT_TEAM = 9DUF68P9SK;
				INFOPLIST_FILE = LearningRealtimeDBUITests/Info.plist;
				LD_RUNPATH_SEARCH_PATHS = "$(inherited) @executable_path/Frameworks @loader_path/Frameworks";
				PRODUCT_BUNDLE_IDENTIFIER = com.henry.LearningRealtimeDBUITests;
				PRODUCT_NAME = "$(TARGET_NAME)";
				SWIFT_VERSION = 3.0;
				TEST_TARGET_NAME = LearningRealtimeDB;
			};
			name = Debug;
		};
		17A89A3B1E7486290055042F /* Release */ = {
			isa = XCBuildConfiguration;
			baseConfigurationReference = 5499487EF656E791D0246D58 /* Pods-LearningRealtimeDBUITests.release.xcconfig */;
			buildSettings = {
				ALWAYS_EMBED_SWIFT_STANDARD_LIBRARIES = YES;
				DEVELOPMENT_TEAM = 9DUF68P9SK;
				INFOPLIST_FILE = LearningRealtimeDBUITests/Info.plist;
				LD_RUNPATH_SEARCH_PATHS = "$(inherited) @executable_path/Frameworks @loader_path/Frameworks";
				PRODUCT_BUNDLE_IDENTIFIER = com.henry.LearningRealtimeDBUITests;
				PRODUCT_NAME = "$(TARGET_NAME)";
				SWIFT_VERSION = 3.0;
				TEST_TARGET_NAME = LearningRealtimeDB;
			};
			name = Release;
		};
/* End XCBuildConfiguration section */

/* Begin XCConfigurationList section */
		17A89A061E7486290055042F /* Build configuration list for PBXProject "LearningRealtimeDB" */ = {
			isa = XCConfigurationList;
			buildConfigurations = (
				17A89A311E7486290055042F /* Debug */,
				17A89A321E7486290055042F /* Release */,
			);
			defaultConfigurationIsVisible = 0;
			defaultConfigurationName = Release;
		};
		17A89A331E7486290055042F /* Build configuration list for PBXNativeTarget "LearningRealtimeDB" */ = {
			isa = XCConfigurationList;
			buildConfigurations = (
				17A89A341E7486290055042F /* Debug */,
				17A89A351E7486290055042F /* Release */,
			);
			defaultConfigurationIsVisible = 0;
			defaultConfigurationName = Release;
		};
		17A89A361E7486290055042F /* Build configuration list for PBXNativeTarget "LearningRealtimeDBTests" */ = {
			isa = XCConfigurationList;
			buildConfigurations = (
				17A89A371E7486290055042F /* Debug */,
				17A89A381E7486290055042F /* Release */,
			);
			defaultConfigurationIsVisible = 0;
			defaultConfigurationName = Release;
		};
		17A89A391E7486290055042F /* Build configuration list for PBXNativeTarget "LearningRealtimeDBUITests" */ = {
			isa = XCConfigurationList;
			buildConfigurations = (
				17A89A3A1E7486290055042F /* Debug */,
				17A89A3B1E7486290055042F /* Release */,
			);
			defaultConfigurationIsVisible = 0;
			defaultConfigurationName = Release;
		};
/* End XCConfigurationList section */
	};
	rootObject = 17A89A031E7486290055042F /* Project object */;
}
